// !$*UTF8*$!
{
	archiveVersion = 1;
	classes = {
	};
	objectVersion = 46;
	objects = {

/* Begin PBXBuildFile section */
		6645A5721F1D119300B5A82A /* BrokerMessageDetailViewController.swift in Sources */ = {isa = PBXBuildFile; fileRef = 6645A5711F1D119300B5A82A /* BrokerMessageDetailViewController.swift */; };
		66813B781EF1AD4A000FA884 /* User.swift in Sources */ = {isa = PBXBuildFile; fileRef = 66813B771EF1AD4A000FA884 /* User.swift */; };
		66813B7A1EF1AD59000FA884 /* Message.swift in Sources */ = {isa = PBXBuildFile; fileRef = 66813B791EF1AD59000FA884 /* Message.swift */; };
		66813B7C1EF1AD6B000FA884 /* Car.swift in Sources */ = {isa = PBXBuildFile; fileRef = 66813B7B1EF1AD6B000FA884 /* Car.swift */; };
		66813B7F1EF1ADC0000FA884 /* UserController.swift in Sources */ = {isa = PBXBuildFile; fileRef = 66813B7E1EF1ADC0000FA884 /* UserController.swift */; };
		66813B811EF1ADCE000FA884 /* MessageController.swift in Sources */ = {isa = PBXBuildFile; fileRef = 66813B801EF1ADCE000FA884 /* MessageController.swift */; };
		66813B861EF1AE35000FA884 /* SignUpViewController.swift in Sources */ = {isa = PBXBuildFile; fileRef = 66813B851EF1AE35000FA884 /* SignUpViewController.swift */; };
		66813B881EF1AE42000FA884 /* UserHomeViewController.swift in Sources */ = {isa = PBXBuildFile; fileRef = 66813B871EF1AE42000FA884 /* UserHomeViewController.swift */; };
		66813B8A1EF1AE53000FA884 /* CarDetailViewController.swift in Sources */ = {isa = PBXBuildFile; fileRef = 66813B891EF1AE53000FA884 /* CarDetailViewController.swift */; };
		66EDEA371EE8755500BF8357 /* AppDelegate.swift in Sources */ = {isa = PBXBuildFile; fileRef = 66EDEA361EE8755500BF8357 /* AppDelegate.swift */; };
		66EDEA3C1EE8755500BF8357 /* Main.storyboard in Resources */ = {isa = PBXBuildFile; fileRef = 66EDEA3A1EE8755500BF8357 /* Main.storyboard */; };
		66EDEA3E1EE8755500BF8357 /* Assets.xcassets in Resources */ = {isa = PBXBuildFile; fileRef = 66EDEA3D1EE8755500BF8357 /* Assets.xcassets */; };
		66EDEA411EE8755500BF8357 /* LaunchScreen.storyboard in Resources */ = {isa = PBXBuildFile; fileRef = 66EDEA3F1EE8755500BF8357 /* LaunchScreen.storyboard */; };
		68FD1F7CD0C355053F310871 /* Pods_5StarAutoDirect.framework in Frameworks */ = {isa = PBXBuildFile; fileRef = A851FF27F3B7F743547CA549 /* Pods_5StarAutoDirect.framework */; };
		C82920691EF1B7BB0089A695 /* CarController.swift in Sources */ = {isa = PBXBuildFile; fileRef = C82920681EF1B7BB0089A695 /* CarController.swift */; };
		C829206B1EF2E3AD0089A695 /* BrokerTableViewController.swift in Sources */ = {isa = PBXBuildFile; fileRef = C829206A1EF2E3AD0089A695 /* BrokerTableViewController.swift */; };
		C829206F1EF2EFD80089A695 /* NetworkController.swift in Sources */ = {isa = PBXBuildFile; fileRef = C829206E1EF2EFD80089A695 /* NetworkController.swift */; };
		C82920711EF30B090089A695 /* Extensions.swift in Sources */ = {isa = PBXBuildFile; fileRef = C82920701EF30B090089A695 /* Extensions.swift */; };
		C830971F1EF829970004B56D /* FiveStepTableViewController.swift in Sources */ = {isa = PBXBuildFile; fileRef = C830971E1EF829970004B56D /* FiveStepTableViewController.swift */; };
		C83274951F054B3E000E3FE5 /* DatabaseManager.swift in Sources */ = {isa = PBXBuildFile; fileRef = C83274941F054B3E000E3FE5 /* DatabaseManager.swift */; };
		C83E6C781EFD962F00DFC078 /* GoogleService-Info.plist in Resources */ = {isa = PBXBuildFile; fileRef = C83E6C771EFD962E00DFC078 /* GoogleService-Info.plist */; };
		C83E6C7A1F02BCCB00DFC078 /* MessageDetailViewController.swift in Sources */ = {isa = PBXBuildFile; fileRef = C83E6C791F02BCCB00DFC078 /* MessageDetailViewController.swift */; };
		C83E6C7C1F02DA9700DFC078 /* MessagesTableViewController.swift in Sources */ = {isa = PBXBuildFile; fileRef = C83E6C7B1F02DA9700DFC078 /* MessagesTableViewController.swift */; };
/* End PBXBuildFile section */

/* Begin PBXFileReference section */
		44C8BACDF16E1C0FCB612D67 /* Pods-5StarAutoDirect.debug.xcconfig */ = {isa = PBXFileReference; includeInIndex = 1; lastKnownFileType = text.xcconfig; name = "Pods-5StarAutoDirect.debug.xcconfig"; path = "Pods/Target Support Files/Pods-5StarAutoDirect/Pods-5StarAutoDirect.debug.xcconfig"; sourceTree = "<group>"; };
		6645A5711F1D119300B5A82A /* BrokerMessageDetailViewController.swift */ = {isa = PBXFileReference; fileEncoding = 4; lastKnownFileType = sourcecode.swift; path = BrokerMessageDetailViewController.swift; sourceTree = "<group>"; };
		66813B771EF1AD4A000FA884 /* User.swift */ = {isa = PBXFileReference; fileEncoding = 4; lastKnownFileType = sourcecode.swift; path = User.swift; sourceTree = "<group>"; };
		66813B791EF1AD59000FA884 /* Message.swift */ = {isa = PBXFileReference; fileEncoding = 4; lastKnownFileType = sourcecode.swift; path = Message.swift; sourceTree = "<group>"; };
		66813B7B1EF1AD6B000FA884 /* Car.swift */ = {isa = PBXFileReference; fileEncoding = 4; lastKnownFileType = sourcecode.swift; path = Car.swift; sourceTree = "<group>"; };
		66813B7E1EF1ADC0000FA884 /* UserController.swift */ = {isa = PBXFileReference; fileEncoding = 4; lastKnownFileType = sourcecode.swift; path = UserController.swift; sourceTree = "<group>"; };
		66813B801EF1ADCE000FA884 /* MessageController.swift */ = {isa = PBXFileReference; fileEncoding = 4; lastKnownFileType = sourcecode.swift; path = MessageController.swift; sourceTree = "<group>"; };
		66813B851EF1AE35000FA884 /* SignUpViewController.swift */ = {isa = PBXFileReference; fileEncoding = 4; lastKnownFileType = sourcecode.swift; path = SignUpViewController.swift; sourceTree = "<group>"; };
		66813B871EF1AE42000FA884 /* UserHomeViewController.swift */ = {isa = PBXFileReference; fileEncoding = 4; lastKnownFileType = sourcecode.swift; path = UserHomeViewController.swift; sourceTree = "<group>"; };
		66813B891EF1AE53000FA884 /* CarDetailViewController.swift */ = {isa = PBXFileReference; fileEncoding = 4; lastKnownFileType = sourcecode.swift; path = CarDetailViewController.swift; sourceTree = "<group>"; };
		66EDEA331EE8755500BF8357 /* 5StarAutoDirect.app */ = {isa = PBXFileReference; explicitFileType = wrapper.application; includeInIndex = 0; path = 5StarAutoDirect.app; sourceTree = BUILT_PRODUCTS_DIR; };
		66EDEA361EE8755500BF8357 /* AppDelegate.swift */ = {isa = PBXFileReference; lastKnownFileType = sourcecode.swift; path = AppDelegate.swift; sourceTree = "<group>"; };
		66EDEA3B1EE8755500BF8357 /* Base */ = {isa = PBXFileReference; lastKnownFileType = file.storyboard; name = Base; path = Base.lproj/Main.storyboard; sourceTree = "<group>"; };
		66EDEA3D1EE8755500BF8357 /* Assets.xcassets */ = {isa = PBXFileReference; lastKnownFileType = folder.assetcatalog; path = Assets.xcassets; sourceTree = "<group>"; };
		66EDEA401EE8755500BF8357 /* Base */ = {isa = PBXFileReference; lastKnownFileType = file.storyboard; name = Base; path = Base.lproj/LaunchScreen.storyboard; sourceTree = "<group>"; };
		66EDEA421EE8755500BF8357 /* Info.plist */ = {isa = PBXFileReference; lastKnownFileType = text.plist.xml; path = Info.plist; sourceTree = "<group>"; };
		A851FF27F3B7F743547CA549 /* Pods_5StarAutoDirect.framework */ = {isa = PBXFileReference; explicitFileType = wrapper.framework; includeInIndex = 0; path = Pods_5StarAutoDirect.framework; sourceTree = BUILT_PRODUCTS_DIR; };
		C82920681EF1B7BB0089A695 /* CarController.swift */ = {isa = PBXFileReference; fileEncoding = 4; lastKnownFileType = sourcecode.swift; path = CarController.swift; sourceTree = "<group>"; };
		C829206A1EF2E3AD0089A695 /* BrokerTableViewController.swift */ = {isa = PBXFileReference; fileEncoding = 4; lastKnownFileType = sourcecode.swift; path = BrokerTableViewController.swift; sourceTree = "<group>"; };
		C829206E1EF2EFD80089A695 /* NetworkController.swift */ = {isa = PBXFileReference; fileEncoding = 4; lastKnownFileType = sourcecode.swift; path = NetworkController.swift; sourceTree = "<group>"; };
		C82920701EF30B090089A695 /* Extensions.swift */ = {isa = PBXFileReference; fileEncoding = 4; lastKnownFileType = sourcecode.swift; path = Extensions.swift; sourceTree = "<group>"; };
		C830971E1EF829970004B56D /* FiveStepTableViewController.swift */ = {isa = PBXFileReference; fileEncoding = 4; lastKnownFileType = sourcecode.swift; path = FiveStepTableViewController.swift; sourceTree = "<group>"; };
		C83274941F054B3E000E3FE5 /* DatabaseManager.swift */ = {isa = PBXFileReference; fileEncoding = 4; lastKnownFileType = sourcecode.swift; path = DatabaseManager.swift; sourceTree = "<group>"; };
		C83E6C771EFD962E00DFC078 /* GoogleService-Info.plist */ = {isa = PBXFileReference; fileEncoding = 4; lastKnownFileType = text.plist.xml; path = "GoogleService-Info.plist"; sourceTree = "<group>"; };
		C83E6C791F02BCCB00DFC078 /* MessageDetailViewController.swift */ = {isa = PBXFileReference; fileEncoding = 4; lastKnownFileType = sourcecode.swift; path = MessageDetailViewController.swift; sourceTree = "<group>"; };
		C83E6C7B1F02DA9700DFC078 /* MessagesTableViewController.swift */ = {isa = PBXFileReference; fileEncoding = 4; lastKnownFileType = sourcecode.swift; path = MessagesTableViewController.swift; sourceTree = "<group>"; };
		EE53A596BE94FA5286FF9B2D /* Pods-5StarAutoDirect.release.xcconfig */ = {isa = PBXFileReference; includeInIndex = 1; lastKnownFileType = text.xcconfig; name = "Pods-5StarAutoDirect.release.xcconfig"; path = "Pods/Target Support Files/Pods-5StarAutoDirect/Pods-5StarAutoDirect.release.xcconfig"; sourceTree = "<group>"; };
/* End PBXFileReference section */

/* Begin PBXFrameworksBuildPhase section */
		66EDEA301EE8755500BF8357 /* Frameworks */ = {
			isa = PBXFrameworksBuildPhase;
			buildActionMask = 2147483647;
			files = (
				68FD1F7CD0C355053F310871 /* Pods_5StarAutoDirect.framework in Frameworks */,
			);
			runOnlyForDeploymentPostprocessing = 0;
		};
/* End PBXFrameworksBuildPhase section */

/* Begin PBXGroup section */
		43FE73B582A59C248EE2DFB8 /* Frameworks */ = {
			isa = PBXGroup;
			children = (
				A851FF27F3B7F743547CA549 /* Pods_5StarAutoDirect.framework */,
			);
			name = Frameworks;
			sourceTree = "<group>";
		};
		66813B7D1EF1AD75000FA884 /* Models */ = {
			isa = PBXGroup;
			children = (
				66813B771EF1AD4A000FA884 /* User.swift */,
				66813B791EF1AD59000FA884 /* Message.swift */,
				66813B7B1EF1AD6B000FA884 /* Car.swift */,
			);
			name = Models;
			sourceTree = "<group>";
		};
		66813B821EF1ADD8000FA884 /* Model Controllers */ = {
			isa = PBXGroup;
			children = (
				C83274941F054B3E000E3FE5 /* DatabaseManager.swift */,
				66813B7E1EF1ADC0000FA884 /* UserController.swift */,
				66813B801EF1ADCE000FA884 /* MessageController.swift */,
				C82920681EF1B7BB0089A695 /* CarController.swift */,
			);
			name = "Model Controllers";
			sourceTree = "<group>";
		};
		66813B8D1EF1AE74000FA884 /* View Controllers */ = {
			isa = PBXGroup;
			children = (
				66813B851EF1AE35000FA884 /* SignUpViewController.swift */,
				66813B871EF1AE42000FA884 /* UserHomeViewController.swift */,
				66813B891EF1AE53000FA884 /* CarDetailViewController.swift */,
				C83E6C7B1F02DA9700DFC078 /* MessagesTableViewController.swift */,
				C829206A1EF2E3AD0089A695 /* BrokerTableViewController.swift */,
				6645A5711F1D119300B5A82A /* BrokerMessageDetailViewController.swift */,
				C83E6C791F02BCCB00DFC078 /* MessageDetailViewController.swift */,
				C830971E1EF829970004B56D /* FiveStepTableViewController.swift */,
			);
			name = "View Controllers";
			sourceTree = "<group>";
		};
		66EDEA2A1EE8755500BF8357 = {
			isa = PBXGroup;
			children = (
				66EDEA351EE8755500BF8357 /* 5StarAutoDirect */,
				66EDEA341EE8755500BF8357 /* Products */,
				EC271428091C7CEB481146C5 /* Pods */,
				43FE73B582A59C248EE2DFB8 /* Frameworks */,
			);
			sourceTree = "<group>";
		};
		66EDEA341EE8755500BF8357 /* Products */ = {
			isa = PBXGroup;
			children = (
				66EDEA331EE8755500BF8357 /* 5StarAutoDirect.app */,
			);
			name = Products;
			sourceTree = "<group>";
		};
		66EDEA351EE8755500BF8357 /* 5StarAutoDirect */ = {
			isa = PBXGroup;
			children = (
				66EDEA3A1EE8755500BF8357 /* Main.storyboard */,
				66EDEA3F1EE8755500BF8357 /* LaunchScreen.storyboard */,
				66813B8D1EF1AE74000FA884 /* View Controllers */,
				66813B7D1EF1AD75000FA884 /* Models */,
				66813B821EF1ADD8000FA884 /* Model Controllers */,
				C82920721EF339F90089A695 /* Helpers */,
				66EDEA481EE8756E00BF8357 /* Resources */,
			);
			path = 5StarAutoDirect;
			sourceTree = "<group>";
		};
		66EDEA481EE8756E00BF8357 /* Resources */ = {
			isa = PBXGroup;
			children = (
				66EDEA3D1EE8755500BF8357 /* Assets.xcassets */,
				66EDEA361EE8755500BF8357 /* AppDelegate.swift */,
				66EDEA421EE8755500BF8357 /* Info.plist */,
				C83E6C771EFD962E00DFC078 /* GoogleService-Info.plist */,
			);
			name = Resources;
			sourceTree = "<group>";
		};
		C82920721EF339F90089A695 /* Helpers */ = {
			isa = PBXGroup;
			children = (
				C829206E1EF2EFD80089A695 /* NetworkController.swift */,
				C82920701EF30B090089A695 /* Extensions.swift */,
			);
			name = Helpers;
			sourceTree = "<group>";
		};
		EC271428091C7CEB481146C5 /* Pods */ = {
			isa = PBXGroup;
			children = (
				44C8BACDF16E1C0FCB612D67 /* Pods-5StarAutoDirect.debug.xcconfig */,
				EE53A596BE94FA5286FF9B2D /* Pods-5StarAutoDirect.release.xcconfig */,
			);
			name = Pods;
			sourceTree = "<group>";
		};
/* End PBXGroup section */

/* Begin PBXNativeTarget section */
		66EDEA321EE8755500BF8357 /* 5StarAutoDirect */ = {
			isa = PBXNativeTarget;
			buildConfigurationList = 66EDEA451EE8755500BF8357 /* Build configuration list for PBXNativeTarget "5StarAutoDirect" */;
			buildPhases = (
				B18201D9C45E73DE21E65C78 /* [CP] Check Pods Manifest.lock */,
				66EDEA2F1EE8755500BF8357 /* Sources */,
				66EDEA301EE8755500BF8357 /* Frameworks */,
				66EDEA311EE8755500BF8357 /* Resources */,
				D9F7ABF0F2683E2A1ACC4965 /* [CP] Embed Pods Frameworks */,
				507CA1DE27B4E608CFDD0EAC /* [CP] Copy Pods Resources */,
			);
			buildRules = (
			);
			dependencies = (
			);
			name = 5StarAutoDirect;
			productName = 5StarAutoDirect;
			productReference = 66EDEA331EE8755500BF8357 /* 5StarAutoDirect.app */;
			productType = "com.apple.product-type.application";
		};
/* End PBXNativeTarget section */

/* Begin PBXProject section */
		66EDEA2B1EE8755500BF8357 /* Project object */ = {
			isa = PBXProject;
			attributes = {
				LastSwiftUpdateCheck = 0830;
				LastUpgradeCheck = 0830;
				ORGANIZATIONNAME = "PineAPPle LLC";
				TargetAttributes = {
					66EDEA321EE8755500BF8357 = {
						CreatedOnToolsVersion = 8.3.2;
						DevelopmentTeam = HK9J242HR4;
						ProvisioningStyle = Automatic;
					};
				};
			};
			buildConfigurationList = 66EDEA2E1EE8755500BF8357 /* Build configuration list for PBXProject "5StarAutoDirect" */;
			compatibilityVersion = "Xcode 3.2";
			developmentRegion = English;
			hasScannedForEncodings = 0;
			knownRegions = (
				en,
				Base,
			);
			mainGroup = 66EDEA2A1EE8755500BF8357;
			productRefGroup = 66EDEA341EE8755500BF8357 /* Products */;
			projectDirPath = "";
			projectRoot = "";
			targets = (
				66EDEA321EE8755500BF8357 /* 5StarAutoDirect */,
			);
		};
/* End PBXProject section */

/* Begin PBXResourcesBuildPhase section */
		66EDEA311EE8755500BF8357 /* Resources */ = {
			isa = PBXResourcesBuildPhase;
			buildActionMask = 2147483647;
			files = (
				66EDEA411EE8755500BF8357 /* LaunchScreen.storyboard in Resources */,
				C83E6C781EFD962F00DFC078 /* GoogleService-Info.plist in Resources */,
				66EDEA3E1EE8755500BF8357 /* Assets.xcassets in Resources */,
				66EDEA3C1EE8755500BF8357 /* Main.storyboard in Resources */,
			);
			runOnlyForDeploymentPostprocessing = 0;
		};
/* End PBXResourcesBuildPhase section */

/* Begin PBXShellScriptBuildPhase section */
		507CA1DE27B4E608CFDD0EAC /* [CP] Copy Pods Resources */ = {
			isa = PBXShellScriptBuildPhase;
			buildActionMask = 2147483647;
			files = (
			);
			inputPaths = (
			);
			name = "[CP] Copy Pods Resources";
			outputPaths = (
			);
			runOnlyForDeploymentPostprocessing = 0;
			shellPath = /bin/sh;
			shellScript = "\"${SRCROOT}/Pods/Target Support Files/Pods-5StarAutoDirect/Pods-5StarAutoDirect-resources.sh\"\n";
			showEnvVarsInLog = 0;
		};
		B18201D9C45E73DE21E65C78 /* [CP] Check Pods Manifest.lock */ = {
			isa = PBXShellScriptBuildPhase;
			buildActionMask = 2147483647;
			files = (
			);
			inputPaths = (
			);
			name = "[CP] Check Pods Manifest.lock";
			outputPaths = (
			);
			runOnlyForDeploymentPostprocessing = 0;
			shellPath = /bin/sh;
			shellScript = "diff \"${PODS_PODFILE_DIR_PATH}/Podfile.lock\" \"${PODS_ROOT}/Manifest.lock\" > /dev/null\nif [ $? != 0 ] ; then\n    # print error to STDERR\n    echo \"error: The sandbox is not in sync with the Podfile.lock. Run 'pod install' or update your CocoaPods installation.\" >&2\n    exit 1\nfi\n";
			showEnvVarsInLog = 0;
		};
		D9F7ABF0F2683E2A1ACC4965 /* [CP] Embed Pods Frameworks */ = {
			isa = PBXShellScriptBuildPhase;
			buildActionMask = 2147483647;
			files = (
			);
			inputPaths = (
			);
			name = "[CP] Embed Pods Frameworks";
			outputPaths = (
			);
			runOnlyForDeploymentPostprocessing = 0;
			shellPath = /bin/sh;
			shellScript = "\"${SRCROOT}/Pods/Target Support Files/Pods-5StarAutoDirect/Pods-5StarAutoDirect-frameworks.sh\"\n";
			showEnvVarsInLog = 0;
		};
/* End PBXShellScriptBuildPhase section */

/* Begin PBXSourcesBuildPhase section */
		66EDEA2F1EE8755500BF8357 /* Sources */ = {
			isa = PBXSourcesBuildPhase;
			buildActionMask = 2147483647;
			files = (
				66813B7A1EF1AD59000FA884 /* Message.swift in Sources */,
				C83E6C7C1F02DA9700DFC078 /* MessagesTableViewController.swift in Sources */,
				66813B881EF1AE42000FA884 /* UserHomeViewController.swift in Sources */,
				66813B811EF1ADCE000FA884 /* MessageController.swift in Sources */,
				66813B861EF1AE35000FA884 /* SignUpViewController.swift in Sources */,
				C82920691EF1B7BB0089A695 /* CarController.swift in Sources */,
				66813B8A1EF1AE53000FA884 /* CarDetailViewController.swift in Sources */,
				C829206B1EF2E3AD0089A695 /* BrokerTableViewController.swift in Sources */,
				C83274951F054B3E000E3FE5 /* DatabaseManager.swift in Sources */,
				66813B781EF1AD4A000FA884 /* User.swift in Sources */,
				66813B7F1EF1ADC0000FA884 /* UserController.swift in Sources */,
				C83E6C7A1F02BCCB00DFC078 /* MessageDetailViewController.swift in Sources */,
				C82920711EF30B090089A695 /* Extensions.swift in Sources */,
				66813B7C1EF1AD6B000FA884 /* Car.swift in Sources */,
				C830971F1EF829970004B56D /* FiveStepTableViewController.swift in Sources */,
				66EDEA371EE8755500BF8357 /* AppDelegate.swift in Sources */,
				6645A5721F1D119300B5A82A /* BrokerMessageDetailViewController.swift in Sources */,
				C829206F1EF2EFD80089A695 /* NetworkController.swift in Sources */,
			);
			runOnlyForDeploymentPostprocessing = 0;
		};
/* End PBXSourcesBuildPhase section */

/* Begin PBXVariantGroup section */
		66EDEA3A1EE8755500BF8357 /* Main.storyboard */ = {
			isa = PBXVariantGroup;
			children = (
				66EDEA3B1EE8755500BF8357 /* Base */,
			);
			name = Main.storyboard;
			sourceTree = "<group>";
		};
		66EDEA3F1EE8755500BF8357 /* LaunchScreen.storyboard */ = {
			isa = PBXVariantGroup;
			children = (
				66EDEA401EE8755500BF8357 /* Base */,
			);
			name = LaunchScreen.storyboard;
			sourceTree = "<group>";
		};
/* End PBXVariantGroup section */

/* Begin XCBuildConfiguration section */
		66EDEA431EE8755500BF8357 /* Debug */ = {
			isa = XCBuildConfiguration;
			buildSettings = {
				ALWAYS_SEARCH_USER_PATHS = NO;
				CLANG_ANALYZER_NONNULL = YES;
				CLANG_ANALYZER_NUMBER_OBJECT_CONVERSION = YES_AGGRESSIVE;
				CLANG_CXX_LANGUAGE_STANDARD = "gnu++0x";
				CLANG_CXX_LIBRARY = "libc++";
				CLANG_ENABLE_MODULES = YES;
				CLANG_ENABLE_OBJC_ARC = YES;
				CLANG_WARN_BOOL_CONVERSION = YES;
				CLANG_WARN_CONSTANT_CONVERSION = YES;
				CLANG_WARN_DIRECT_OBJC_ISA_USAGE = YES_ERROR;
				CLANG_WARN_DOCUMENTATION_COMMENTS = YES;
				CLANG_WARN_EMPTY_BODY = YES;
				CLANG_WARN_ENUM_CONVERSION = YES;
				CLANG_WARN_INFINITE_RECURSION = YES;
				CLANG_WARN_INT_CONVERSION = YES;
				CLANG_WARN_OBJC_ROOT_CLASS = YES_ERROR;
				CLANG_WARN_SUSPICIOUS_MOVE = YES;
				CLANG_WARN_UNREACHABLE_CODE = YES;
				CLANG_WARN__DUPLICATE_METHOD_MATCH = YES;
				"CODE_SIGN_IDENTITY[sdk=iphoneos*]" = "iPhone Developer";
				COPY_PHASE_STRIP = NO;
				DEBUG_INFORMATION_FORMAT = dwarf;
				ENABLE_STRICT_OBJC_MSGSEND = YES;
				ENABLE_TESTABILITY = YES;
				GCC_C_LANGUAGE_STANDARD = gnu99;
				GCC_DYNAMIC_NO_PIC = NO;
				GCC_NO_COMMON_BLOCKS = YES;
				GCC_OPTIMIZATION_LEVEL = 0;
				GCC_PREPROCESSOR_DEFINITIONS = (
					"DEBUG=1",
					"$(inherited)",
				);
				GCC_WARN_64_TO_32_BIT_CONVERSION = YES;
				GCC_WARN_ABOUT_RETURN_TYPE = YES_ERROR;
				GCC_WARN_UNDECLARED_SELECTOR = YES;
				GCC_WARN_UNINITIALIZED_AUTOS = YES_AGGRESSIVE;
				GCC_WARN_UNUSED_FUNCTION = YES;
				GCC_WARN_UNUSED_VARIABLE = YES;
				IPHONEOS_DEPLOYMENT_TARGET = 10.3;
				MTL_ENABLE_DEBUG_INFO = YES;
				ONLY_ACTIVE_ARCH = YES;
				SDKROOT = iphoneos;
				SWIFT_ACTIVE_COMPILATION_CONDITIONS = DEBUG;
				SWIFT_OPTIMIZATION_LEVEL = "-Onone";
			};
			name = Debug;
		};
		66EDEA441EE8755500BF8357 /* Release */ = {
			isa = XCBuildConfiguration;
			buildSettings = {
				ALWAYS_SEARCH_USER_PATHS = NO;
				CLANG_ANALYZER_NONNULL = YES;
				CLANG_ANALYZER_NUMBER_OBJECT_CONVERSION = YES_AGGRESSIVE;
				CLANG_CXX_LANGUAGE_STANDARD = "gnu++0x";
				CLANG_CXX_LIBRARY = "libc++";
				CLANG_ENABLE_MODULES = YES;
				CLANG_ENABLE_OBJC_ARC = YES;
				CLANG_WARN_BOOL_CONVERSION = YES;
				CLANG_WARN_CONSTANT_CONVERSION = YES;
				CLANG_WARN_DIRECT_OBJC_ISA_USAGE = YES_ERROR;
				CLANG_WARN_DOCUMENTATION_COMMENTS = YES;
				CLANG_WARN_EMPTY_BODY = YES;
				CLANG_WARN_ENUM_CONVERSION = YES;
				CLANG_WARN_INFINITE_RECURSION = YES;
				CLANG_WARN_INT_CONVERSION = YES;
				CLANG_WARN_OBJC_ROOT_CLASS = YES_ERROR;
				CLANG_WARN_SUSPICIOUS_MOVE = YES;
				CLANG_WARN_UNREACHABLE_CODE = YES;
				CLANG_WARN__DUPLICATE_METHOD_MATCH = YES;
				"CODE_SIGN_IDENTITY[sdk=iphoneos*]" = "iPhone Developer";
				COPY_PHASE_STRIP = NO;
				DEBUG_INFORMATION_FORMAT = "dwarf-with-dsym";
				ENABLE_NS_ASSERTIONS = NO;
				ENABLE_STRICT_OBJC_MSGSEND = YES;
				GCC_C_LANGUAGE_STANDARD = gnu99;
				GCC_NO_COMMON_BLOCKS = YES;
				GCC_WARN_64_TO_32_BIT_CONVERSION = YES;
				GCC_WARN_ABOUT_RETURN_TYPE = YES_ERROR;
				GCC_WARN_UNDECLARED_SELECTOR = YES;
				GCC_WARN_UNINITIALIZED_AUTOS = YES_AGGRESSIVE;
				GCC_WARN_UNUSED_FUNCTION = YES;
				GCC_WARN_UNUSED_VARIABLE = YES;
				IPHONEOS_DEPLOYMENT_TARGET = 10.3;
				MTL_ENABLE_DEBUG_INFO = NO;
				SDKROOT = iphoneos;
				SWIFT_OPTIMIZATION_LEVEL = "-Owholemodule";
				VALIDATE_PRODUCT = YES;
			};
			name = Release;
		};
		66EDEA461EE8755500BF8357 /* Debug */ = {
			isa = XCBuildConfiguration;
			baseConfigurationReference = 44C8BACDF16E1C0FCB612D67 /* Pods-5StarAutoDirect.debug.xcconfig */;
			buildSettings = {
				ASSETCATALOG_COMPILER_APPICON_NAME = AppIcon;
				DEVELOPMENT_TEAM = HK9J242HR4;
				INFOPLIST_FILE = 5StarAutoDirect/Info.plist;
				IPHONEOS_DEPLOYMENT_TARGET = 10.3;
				LD_RUNPATH_SEARCH_PATHS = "$(inherited) @executable_path/Frameworks";
				PRODUCT_BUNDLE_IDENTIFIER = "com.pineapplecoding.-StarAutoDirect";
				PRODUCT_NAME = "$(TARGET_NAME)";
				SWIFT_VERSION = 3.0;
			};
			name = Debug;
		};
		66EDEA471EE8755500BF8357 /* Release */ = {
			isa = XCBuildConfiguration;
			baseConfigurationReference = EE53A596BE94FA5286FF9B2D /* Pods-5StarAutoDirect.release.xcconfig */;
			buildSettings = {
				ASSETCATALOG_COMPILER_APPICON_NAME = AppIcon;
				DEVELOPMENT_TEAM = HK9J242HR4;
				INFOPLIST_FILE = 5StarAutoDirect/Info.plist;
				IPHONEOS_DEPLOYMENT_TARGET = 10.3;
				LD_RUNPATH_SEARCH_PATHS = "$(inherited) @executable_path/Frameworks";
				PRODUCT_BUNDLE_IDENTIFIER = "com.pineapplecoding.-StarAutoDirect";
				PRODUCT_NAME = "$(TARGET_NAME)";
				SWIFT_VERSION = 3.0;
			};
			name = Release;
		};
/* End XCBuildConfiguration section */

/* Begin XCConfigurationList section */
		66EDEA2E1EE8755500BF8357 /* Build configuration list for PBXProject "5StarAutoDirect" */ = {
			isa = XCConfigurationList;
			buildConfigurations = (
				66EDEA431EE8755500BF8357 /* Debug */,
				66EDEA441EE8755500BF8357 /* Release */,
			);
			defaultConfigurationIsVisible = 0;
			defaultConfigurationName = Release;
		};
		66EDEA451EE8755500BF8357 /* Build configuration list for PBXNativeTarget "5StarAutoDirect" */ = {
			isa = XCConfigurationList;
			buildConfigurations = (
				66EDEA461EE8755500BF8357 /* Debug */,
				66EDEA471EE8755500BF8357 /* Release */,
			);
			defaultConfigurationIsVisible = 0;
			defaultConfigurationName = Release;
		};
/* End XCConfigurationList section */
	};
	rootObject = 66EDEA2B1EE8755500BF8357 /* Project object */;
}
